{
  "meteor": {},
  "dependencies": {
    "basePackages": {
      "iron-router": {},
      "scss": {},
      "bourbon": {},
      "Dropzonejs": {},
      "pnotify": {},
      "mousetrap": {},
      "normalize.css": {},
      "img-area-select": {},
      "spin": {},
      "lodash": {},
      "kadira": {}
    },
    "packages": {
      "iron-router": {
        "git": "https://github.com/EventedMind/iron-router.git",
        "tag": "v0.8.2",
        "commit": "05415a8891ea87a00fb1e2388585f2ca5a38e0da"
      },
      "scss": {
        "git": "https://github.com/fourseven/meteor-scss.git",
        "tag": "v0.9.3",
        "commit": "185f3b2787fb85e653f7b7bf603d1493ed14943d"
      },
      "bourbon": {
        "git": "https://github.com/chicagogrooves/meteor-bourbon.git",
        "tag": "v3.1.8.1",
        "commit": "b55f0968fe7d4a2886898cd8e81394de066a3ae1"
      },
      "Dropzonejs": {
        "git": "https://github.com/devonbarrett/meteor-dropzone.git",
        "tag": "v3.10.2-rev01",
        "commit": "561e6110aa8487003f926a4eb7d4d5520a3a365b"
      },
      "pnotify": {
        "git": "https://github.com/kidovate/meteor-pnotify.git",
        "tag": "v2.0.6",
        "commit": "cbd0bb220d03b20b247e4a6a7bdfc3d2c8064216"
      },
      "mousetrap": {
        "git": "https://github.com/awatson1978/mousetrap.git",
        "tag": "v1.5.2",
        "commit": "77fef1e9dd64fc99cf0fc128dcb10d038c0fe860"
      },
      "normalize.css": {
        "git": "https://github.com/rithis/meteor-normalize.css",
        "tag": "v2.0.1",
        "commit": "671aba13223dd7d7ec1d26a6b2461943d7c4fa18"
      },
      "img-area-select": {
        "git": "https://github.com/HedCET/meteor-img-area-select.git",
        "tag": "v0.2.0",
        "commit": "a594861d91e752989d2671ce7bf1cb34ebd06bca"
      },
      "spin": {
        "git": "https://github.com/SachaG/meteor-spin.git",
        "tag": "v2.0.4",
        "commit": "f7b1e12a7caff1283cdb3671a393c182d0ae9862"
      },
      "lodash": {
        "git": "https://github.com/alethes/meteor-lodash.git",
        "tag": "v0.7.1",
        "commit": "57bbeb3e21c31b64641f9885bb2f390b84f8b925"
      },
      "kadira": {
        "git": "https://github.com/meteorhacks/kadira.git",
        "tag": "v2.4.13",
        "commit": "1f3c1a427084af5a2eca2e299eb65bc01387df8a"
      },
      "iron-layout": {
        "git": "https://github.com/EventedMind/iron-layout.git",
        "tag": "v0.2.0",
        "commit": "4a2d53e35ba036b0c189c7ceca34be494d4c6c97"
      },
      "blaze-layout": {
        "git": "https://github.com/EventedMind/blaze-layout.git",
        "tag": "v0.2.5",
        "commit": "273e3ab7d005d91a1a59c71bd224533b4dae2fbd"
      },
      "iron-core": {
        "git": "https://github.com/EventedMind/iron-core.git",
        "tag": "v0.2.0",
        "commit": "0e48b5dc50d03f01025b7b900fb5ce2f13d52cad"
      },
      "iron-dynamic-template": {
        "git": "https://github.com/EventedMind/iron-dynamic-template.git",
        "tag": "v0.2.1",
        "commit": "4dd1185c4d9d616c9abdb3f33e4a7d5a88db7e18"
      }
    }
  }
}
